
Microsoft Visual Studio Solution File, Format Version 12.00
# Visual Studio 2012
Project("{FAE04EC0-301F-11D3-BF4B-00C04F79EFBC}") = "ElysiumWebsite", "ElysiumWebsite\ElysiumWebsite.csproj", "{1299A451-0F0F-48AE-9B6C-192942FDA20F}"
EndProject
Global
	GlobalSection(SolutionConfigurationPlatforms) = preSolution
		Debug|Any CPU = Debug|Any CPU
		Release|Any CPU = Release|Any CPU
	EndGlobalSection
	GlobalSection(ProjectConfigurationPlatforms) = postSolution
		{1299A451-0F0F-48AE-9B6C-192942FDA20F}.Debug|Any CPU.ActiveCfg = Debug|Any CPU
		{1299A451-0F0F-48AE-9B6C-192942FDA20F}.Debug|Any CPU.Build.0 = Debug|Any CPU
		{1299A451-0F0F-48AE-9B6C-192942FDA20F}.Release|Any CPU.ActiveCfg = Release|Any CPU
		{1299A451-0F0F-48AE-9B6C-192942FDA20F}.Release|Any CPU.Build.0 = Release|Any CPU
	EndGlobalSection
	GlobalSection(SolutionProperties) = preSolution
		HideSolutionNode = FALSE
	EndGlobalSection
EndGlobal
